// !$*UTF8*$!
{
	archiveVersion = 1;
	classes = {
	};
	objectVersion = 55;
	objects = {

/* Begin PBXBuildFile section */
		575E42C927049B4700399BC7 /* FlagStackApp.swift in Sources */ = {isa = PBXBuildFile; fileRef = 575E42C827049B4700399BC7 /* FlagStackApp.swift */; };
		575E42CB27049B4700399BC7 /* ContentView.swift in Sources */ = {isa = PBXBuildFile; fileRef = 575E42CA27049B4700399BC7 /* ContentView.swift */; };
		575E42CD27049B4B00399BC7 /* Assets.xcassets in Resources */ = {isa = PBXBuildFile; fileRef = 575E42CC27049B4B00399BC7 /* Assets.xcassets */; };
		575E42D027049B4B00399BC7 /* Preview Assets.xcassets in Resources */ = {isa = PBXBuildFile; fileRef = 575E42CF27049B4B00399BC7 /* Preview Assets.xcassets */; };
		579E3539270AE7CC007D65C6 /* FlagViewModel.swift in Sources */ = {isa = PBXBuildFile; fileRef = 579E3538270AE7CC007D65C6 /* FlagViewModel.swift */; };
		57D180D72705AF02001471BF /* Section.swift in Sources */ = {isa = PBXBuildFile; fileRef = 57D180D62705AF02001471BF /* Section.swift */; };
		57D180D92705B124001471BF /* Stack.swift in Sources */ = {isa = PBXBuildFile; fileRef = 57D180D82705B124001471BF /* Stack.swift */; };
		57D180DB2705B242001471BF /* Stripe.swift in Sources */ = {isa = PBXBuildFile; fileRef = 57D180DA2705B242001471BF /* Stripe.swift */; };
		57D180DE2705E31E001471BF /* Utils.swift in Sources */ = {isa = PBXBuildFile; fileRef = 57D180DD2705E31E001471BF /* Utils.swift */; };
		57D180E127060807001471BF /* FlagView.swift in Sources */ = {isa = PBXBuildFile; fileRef = 57D180E027060807001471BF /* FlagView.swift */; };
/* End PBXBuildFile section */

/* Begin PBXFileReference section */
		575E42C527049B4700399BC7 /* FlagStack.app */ = {isa = PBXFileReference; explicitFileType = wrapper.application; includeInIndex = 0; path = FlagStack.app; sourceTree = BUILT_PRODUCTS_DIR; };
		575E42C827049B4700399BC7 /* FlagStackApp.swift */ = {isa = PBXFileReference; lastKnownFileType = sourcecode.swift; path = FlagStackApp.swift; sourceTree = "<group>"; };
		575E42CA27049B4700399BC7 /* ContentView.swift */ = {isa = PBXFileReference; lastKnownFileType = sourcecode.swift; path = ContentView.swift; sourceTree = "<group>"; };
		575E42CC27049B4B00399BC7 /* Assets.xcassets */ = {isa = PBXFileReference; lastKnownFileType = folder.assetcatalog; path = Assets.xcassets; sourceTree = "<group>"; };
		575E42CF27049B4B00399BC7 /* Preview Assets.xcassets */ = {isa = PBXFileReference; lastKnownFileType = folder.assetcatalog; path = "Preview Assets.xcassets"; sourceTree = "<group>"; };
		579E3538270AE7CC007D65C6 /* FlagViewModel.swift */ = {isa = PBXFileReference; lastKnownFileType = sourcecode.swift; path = FlagViewModel.swift; sourceTree = "<group>"; };
		57D180D62705AF02001471BF /* Section.swift */ = {isa = PBXFileReference; lastKnownFileType = sourcecode.swift; path = Section.swift; sourceTree = "<group>"; };
		57D180D82705B124001471BF /* Stack.swift */ = {isa = PBXFileReference; lastKnownFileType = sourcecode.swift; path = Stack.swift; sourceTree = "<group>"; };
		57D180DA2705B242001471BF /* Stripe.swift */ = {isa = PBXFileReference; lastKnownFileType = sourcecode.swift; path = Stripe.swift; sourceTree = "<group>"; };
		57D180DD2705E31E001471BF /* Utils.swift */ = {isa = PBXFileReference; lastKnownFileType = sourcecode.swift; path = Utils.swift; sourceTree = "<group>"; };
		57D180E027060807001471BF /* FlagView.swift */ = {isa = PBXFileReference; lastKnownFileType = sourcecode.swift; path = FlagView.swift; sourceTree = "<group>"; };
/* End PBXFileReference section */

/* Begin PBXFrameworksBuildPhase section */
		575E42C227049B4700399BC7 /* Frameworks */ = {
			isa = PBXFrameworksBuildPhase;
			buildActionMask = 2147483647;
			files = (
			);
			runOnlyForDeploymentPostprocessing = 0;
		};
/* End PBXFrameworksBuildPhase section */

/* Begin PBXGroup section */
		575E42BC27049B4700399BC7 = {
			isa = PBXGroup;
			children = (
				575E42C727049B4700399BC7 /* FlagStack */,
				575E42C627049B4700399BC7 /* Products */,
			);
			sourceTree = "<group>";
		};
		575E42C627049B4700399BC7 /* Products */ = {
			isa = PBXGroup;
			children = (
				575E42C527049B4700399BC7 /* FlagStack.app */,
			);
			name = Products;
			sourceTree = "<group>";
		};
		575E42C727049B4700399BC7 /* FlagStack */ = {
			isa = PBXGroup;
			children = (
				579E3537270AE751007D65C6 /* Models */,
				57D180DF270607EC001471BF /* Views */,
				57D180DC2705E316001471BF /* Utils */,
				575E42C827049B4700399BC7 /* FlagStackApp.swift */,
				575E42CC27049B4B00399BC7 /* Assets.xcassets */,
				575E42CE27049B4B00399BC7 /* Preview Content */,
			);
			path = FlagStack;
			sourceTree = "<group>";
		};
		575E42CE27049B4B00399BC7 /* Preview Content */ = {
			isa = PBXGroup;
			children = (
				575E42CF27049B4B00399BC7 /* Preview Assets.xcassets */,
			);
			path = "Preview Content";
			sourceTree = "<group>";
		};
		579E3537270AE751007D65C6 /* Models */ = {
			isa = PBXGroup;
			children = (
				579E3538270AE7CC007D65C6 /* FlagViewModel.swift */,
				57D180D52705AEE4001471BF /* Section */,
			);
			path = Models;
			sourceTree = "<group>";
		};
		57D180D52705AEE4001471BF /* Section */ = {
			isa = PBXGroup;
			children = (
				57D180D62705AF02001471BF /* Section.swift */,
				57D180D82705B124001471BF /* Stack.swift */,
				57D180DA2705B242001471BF /* Stripe.swift */,
			);
			path = Section;
			sourceTree = "<group>";
		};
		57D180DC2705E316001471BF /* Utils */ = {
			isa = PBXGroup;
			children = (
				57D180DD2705E31E001471BF /* Utils.swift */,
			);
			path = Utils;
			sourceTree = "<group>";
		};
		57D180DF270607EC001471BF /* Views */ = {
			isa = PBXGroup;
			children = (
				575E42CA27049B4700399BC7 /* ContentView.swift */,
				57D180E027060807001471BF /* FlagView.swift */,
			);
			path = Views;
			sourceTree = "<group>";
		};
/* End PBXGroup section */

/* Begin PBXNativeTarget section */
		575E42C427049B4700399BC7 /* FlagStack */ = {
			isa = PBXNativeTarget;
			buildConfigurationList = 575E42D327049B4B00399BC7 /* Build configuration list for PBXNativeTarget "FlagStack" */;
			buildPhases = (
				575E42C127049B4700399BC7 /* Sources */,
				575E42C227049B4700399BC7 /* Frameworks */,
				575E42C327049B4700399BC7 /* Resources */,
			);
			buildRules = (
			);
			dependencies = (
			);
			name = FlagStack;
			productName = FlagStack;
			productReference = 575E42C527049B4700399BC7 /* FlagStack.app */;
			productType = "com.apple.product-type.application";
		};
/* End PBXNativeTarget section */

/* Begin PBXProject section */
		575E42BD27049B4700399BC7 /* Project object */ = {
			isa = PBXProject;
			attributes = {
				BuildIndependentTargetsInParallel = 1;
				LastSwiftUpdateCheck = 1300;
				LastUpgradeCheck = 1300;
				TargetAttributes = {
					575E42C427049B4700399BC7 = {
						CreatedOnToolsVersion = 13.0;
					};
				};
			};
			buildConfigurationList = 575E42C027049B4700399BC7 /* Build configuration list for PBXProject "FlagStack" */;
			compatibilityVersion = "Xcode 13.0";
			developmentRegion = en;
			hasScannedForEncodings = 0;
			knownRegions = (
				en,
				Base,
			);
			mainGroup = 575E42BC27049B4700399BC7;
			productRefGroup = 575E42C627049B4700399BC7 /* Products */;
			projectDirPath = "";
			projectRoot = "";
			targets = (
				575E42C427049B4700399BC7 /* FlagStack */,
			);
		};
/* End PBXProject section */

/* Begin PBXResourcesBuildPhase section */
		575E42C327049B4700399BC7 /* Resources */ = {
			isa = PBXResourcesBuildPhase;
			buildActionMask = 2147483647;
			files = (
				575E42D027049B4B00399BC7 /* Preview Assets.xcassets in Resources */,
				575E42CD27049B4B00399BC7 /* Assets.xcassets in Resources */,
			);
			runOnlyForDeploymentPostprocessing = 0;
		};
/* End PBXResourcesBuildPhase section */

/* Begin PBXSourcesBuildPhase section */
		575E42C127049B4700399BC7 /* Sources */ = {
			isa = PBXSourcesBuildPhase;
			buildActionMask = 2147483647;
			files = (
				57D180D92705B124001471BF /* Stack.swift in Sources */,
				57D180DB2705B242001471BF /* Stripe.swift in Sources */,
				575E42CB27049B4700399BC7 /* ContentView.swift in Sources */,
				57D180D72705AF02001471BF /* Section.swift in Sources */,
				575E42C927049B4700399BC7 /* FlagStackApp.swift in Sources */,
				57D180E127060807001471BF /* FlagView.swift in Sources */,
				57D180DE2705E31E001471BF /* Utils.swift in Sources */,
				579E3539270AE7CC007D65C6 /* FlagViewModel.swift in Sources */,
			);
			runOnlyForDeploymentPostprocessing = 0;
		};
/* End PBXSourcesBuildPhase section */

/* Begin XCBuildConfiguration section */
		575E42D127049B4B00399BC7 /* Debug */ = {
			isa = XCBuildConfiguration;
			buildSettings = {
				ALWAYS_SEARCH_USER_PATHS = NO;
				CLANG_ANALYZER_NONNULL = YES;
				CLANG_ANALYZER_NUMBER_OBJECT_CONVERSION = YES_AGGRESSIVE;
				CLANG_CXX_LANGUAGE_STANDARD = "gnu++17";
				CLANG_CXX_LIBRARY = "libc++";
				CLANG_ENABLE_MODULES = YES;
				CLANG_ENABLE_OBJC_ARC = YES;
				CLANG_ENABLE_OBJC_WEAK = YES;
				CLANG_WARN_BLOCK_CAPTURE_AUTORELEASING = YES;
				CLANG_WARN_BOOL_CONVERSION = YES;
				CLANG_WARN_COMMA = YES;
				CLANG_WARN_CONSTANT_CONVERSION = YES;
				CLANG_WARN_DEPRECATED_OBJC_IMPLEMENTATIONS = YES;
				CLANG_WARN_DIRECT_OBJC_ISA_USAGE = YES_ERROR;
				CLANG_WARN_DOCUMENTATION_COMMENTS = YES;
				CLANG_WARN_EMPTY_BODY = YES;
				CLANG_WARN_ENUM_CONVERSION = YES;
				CLANG_WARN_INFINITE_RECURSION = YES;
				CLANG_WARN_INT_CONVERSION = YES;
				CLANG_WARN_NON_LITERAL_NULL_CONVERSION = YES;
				CLANG_WARN_OBJC_IMPLICIT_RETAIN_SELF = YES;
				CLANG_WARN_OBJC_LITERAL_CONVERSION = YES;
				CLANG_WARN_OBJC_ROOT_CLASS = YES_ERROR;
				CLANG_WARN_QUOTED_INCLUDE_IN_FRAMEWORK_HEADER = YES;
				CLANG_WARN_RANGE_LOOP_ANALYSIS = YES;
				CLANG_WARN_STRICT_PROTOTYPES = YES;
				CLANG_WARN_SUSPICIOUS_MOVE = YES;
				CLANG_WARN_UNGUARDED_AVAILABILITY = YES_AGGRESSIVE;
				CLANG_WARN_UNREACHABLE_CODE = YES;
				CLANG_WARN__DUPLICATE_METHOD_MATCH = YES;
				COPY_PHASE_STRIP = NO;
				DEBUG_INFORMATION_FORMAT = dwarf;
				ENABLE_STRICT_OBJC_MSGSEND = YES;
				ENABLE_TESTABILITY = YES;
				GCC_C_LANGUAGE_STANDARD = gnu11;
				GCC_DYNAMIC_NO_PIC = NO;
				GCC_NO_COMMON_BLOCKS = YES;
				GCC_OPTIMIZATION_LEVEL = 0;
				GCC_PREPROCESSOR_DEFINITIONS = (
					"DEBUG=1",
					"$(inherited)",
				);
				GCC_WARN_64_TO_32_BIT_CONVERSION = YES;
				GCC_WARN_ABOUT_RETURN_TYPE = YES_ERROR;
				GCC_WARN_UNDECLARED_SELECTOR = YES;
				GCC_WARN_UNINITIALIZED_AUTOS = YES_AGGRESSIVE;
				GCC_WARN_UNUSED_FUNCTION = YES;
				GCC_WARN_UNUSED_VARIABLE = YES;
				IPHONEOS_DEPLOYMENT_TARGET = 15.0;
				MTL_ENABLE_DEBUG_INFO = INCLUDE_SOURCE;
				MTL_FAST_MATH = YES;
				ONLY_ACTIVE_ARCH = YES;
				SDKROOT = iphoneos;
				SWIFT_ACTIVE_COMPILATION_CONDITIONS = DEBUG;
				SWIFT_OPTIMIZATION_LEVEL = "-Onone";
			};
			name = Debug;
		};
		575E42D227049B4B00399BC7 /* Release */ = {
			isa = XCBuildConfiguration;
			buildSettings = {
				ALWAYS_SEARCH_USER_PATHS = NO;
				CLANG_ANALYZER_NONNULL = YES;
				CLANG_ANALYZER_NUMBER_OBJECT_CONVERSION = YES_AGGRESSIVE;
				CLANG_CXX_LANGUAGE_STANDARD = "gnu++17";
				CLANG_CXX_LIBRARY = "libc++";
				CLANG_ENABLE_MODULES = YES;
				CLANG_ENABLE_OBJC_ARC = YES;
				CLANG_ENABLE_OBJC_WEAK = YES;
				CLANG_WARN_BLOCK_CAPTURE_AUTORELEASING = YES;
				CLANG_WARN_BOOL_CONVERSION = YES;
				CLANG_WARN_COMMA = YES;
				CLANG_WARN_CONSTANT_CONVERSION = YES;
				CLANG_WARN_DEPRECATED_OBJC_IMPLEMENTATIONS = YES;
				CLANG_WARN_DIRECT_OBJC_ISA_USAGE = YES_ERROR;
				CLANG_WARN_DOCUMENTATION_COMMENTS = YES;
				CLANG_WARN_EMPTY_BODY = YES;
				CLANG_WARN_ENUM_CONVERSION = YES;
				CLANG_WARN_INFINITE_RECURSION = YES;
				CLANG_WARN_INT_CONVERSION = YES;
				CLANG_WARN_NON_LITERAL_NULL_CONVERSION = YES;
				CLANG_WARN_OBJC_IMPLICIT_RETAIN_SELF = YES;
				CLANG_WARN_OBJC_LITERAL_CONVERSION = YES;
				CLANG_WARN_OBJC_ROOT_CLASS = YES_ERROR;
				CLANG_WARN_QUOTED_INCLUDE_IN_FRAMEWORK_HEADER = YES;
				CLANG_WARN_RANGE_LOOP_ANALYSIS = YES;
				CLANG_WARN_STRICT_PROTOTYPES = YES;
				CLANG_WARN_SUSPICIOUS_MOVE = YES;
				CLANG_WARN_UNGUARDED_AVAILABILITY = YES_AGGRESSIVE;
				CLANG_WARN_UNREACHABLE_CODE = YES;
				CLANG_WARN__DUPLICATE_METHOD_MATCH = YES;
				COPY_PHASE_STRIP = NO;
				DEBUG_INFORMATION_FORMAT = "dwarf-with-dsym";
				ENABLE_NS_ASSERTIONS = NO;
				ENABLE_STRICT_OBJC_MSGSEND = YES;
				GCC_C_LANGUAGE_STANDARD = gnu11;
				GCC_NO_COMMON_BLOCKS = YES;
				GCC_WARN_64_TO_32_BIT_CONVERSION = YES;
				GCC_WARN_ABOUT_RETURN_TYPE = YES_ERROR;
				GCC_WARN_UNDECLARED_SELECTOR = YES;
				GCC_WARN_UNINITIALIZED_AUTOS = YES_AGGRESSIVE;
				GCC_WARN_UNUSED_FUNCTION = YES;
				GCC_WARN_UNUSED_VARIABLE = YES;
				IPHONEOS_DEPLOYMENT_TARGET = 15.0;
				MTL_ENABLE_DEBUG_INFO = NO;
				MTL_FAST_MATH = YES;
				SDKROOT = iphoneos;
				SWIFT_COMPILATION_MODE = wholemodule;
				SWIFT_OPTIMIZATION_LEVEL = "-O";
				VALIDATE_PRODUCT = YES;
			};
			name = Release;
		};
		575E42D427049B4B00399BC7 /* Debug */ = {
			isa = XCBuildConfiguration;
			buildSettings = {
				ASSETCATALOG_COMPILER_APPICON_NAME = AppIcon;
				ASSETCATALOG_COMPILER_GLOBAL_ACCENT_COLOR_NAME = AccentColor;
				CODE_SIGN_STYLE = Automatic;
				CURRENT_PROJECT_VERSION = 1;
				DEVELOPMENT_ASSET_PATHS = "\"FlagStack/Preview Content\"";
				DEVELOPMENT_TEAM = BGL98V7Y68;
				ENABLE_PREVIEWS = YES;
				GENERATE_INFOPLIST_FILE = YES;
				INFOPLIST_KEY_UIApplicationSceneManifest_Generation = YES;
				INFOPLIST_KEY_UIApplicationSupportsIndirectInputEvents = YES;
				INFOPLIST_KEY_UILaunchScreen_Generation = YES;
				INFOPLIST_KEY_UISupportedInterfaceOrientations_iPad = "UIInterfaceOrientationPortrait UIInterfaceOrientationPortraitUpsideDown UIInterfaceOrientationLandscapeLeft UIInterfaceOrientationLandscapeRight";
				INFOPLIST_KEY_UISupportedInterfaceOrientations_iPhone = "UIInterfaceOrientationPortrait UIInterfaceOrientationLandscapeLeft UIInterfaceOrientationLandscapeRight";
				IPHONEOS_DEPLOYMENT_TARGET = 14.0;
				LD_RUNPATH_SEARCH_PATHS = (
					"$(inherited)",
					"@executable_path/Frameworks",
				);
				MARKETING_VERSION = 1.0;
				PRODUCT_BUNDLE_IDENTIFIER = com.victorcuc.FlagStack;
				PRODUCT_NAME = "$(TARGET_NAME)";
				SWIFT_EMIT_LOC_STRINGS = YES;
				SWIFT_VERSION = 5.0;
				TARGETED_DEVICE_FAMILY = "1,2";
			};
			name = Debug;
		};
		575E42D527049B4B00399BC7 /* Release */ = {
			isa = XCBuildConfiguration;
			buildSettings = {
				ASSETCATALOG_COMPILER_APPICON_NAME = AppIcon;
				ASSETCATALOG_COMPILER_GLOBAL_ACCENT_COLOR_NAME = AccentColor;
				CODE_SIGN_STYLE = Automatic;
				CURRENT_PROJECT_VERSION = 1;
				DEVELOPMENT_ASSET_PATHS = "\"FlagStack/Preview Content\"";
				DEVELOPMENT_TEAM = BGL98V7Y68;
				ENABLE_PREVIEWS = YES;
				GENERATE_INFOPLIST_FILE = YES;
				INFOPLIST_KEY_UIApplicationSceneManifest_Generation = YES;
				INFOPLIST_KEY_UIApplicationSupportsIndirectInputEvents = YES;
				INFOPLIST_KEY_UILaunchScreen_Generation = YES;
				INFOPLIST_KEY_UISupportedInterfaceOrientations_iPad = "UIInterfaceOrientationPortrait UIInterfaceOrientationPortraitUpsideDown UIInterfaceOrientationLandscapeLeft UIInterfaceOrientationLandscapeRight";
				INFOPLIST_KEY_UISupportedInterfaceOrientations_iPhone = "UIInterfaceOrientationPortrait UIInterfaceOrientationLandscapeLeft UIInterfaceOrientationLandscapeRight";
				IPHONEOS_DEPLOYMENT_TARGET = 14.0;
				LD_RUNPATH_SEARCH_PATHS = (
					"$(inherited)",
					"@executable_path/Frameworks",
				);
				MARKETING_VERSION = 1.0;
				PRODUCT_BUNDLE_IDENTIFIER = com.victorcuc.FlagStack;
				PRODUCT_NAME = "$(TARGET_NAME)";
				SWIFT_EMIT_LOC_STRINGS = YES;
				SWIFT_VERSION = 5.0;
				TARGETED_DEVICE_FAMILY = "1,2";
			};
			name = Release;
		};
/* End XCBuildConfiguration section */

/* Begin XCConfigurationList section */
		575E42C027049B4700399BC7 /* Build configuration list for PBXProject "FlagStack" */ = {
			isa = XCConfigurationList;
			buildConfigurations = (
				575E42D127049B4B00399BC7 /* Debug */,
				575E42D227049B4B00399BC7 /* Release */,
			);
			defaultConfigurationIsVisible = 0;
			defaultConfigurationName = Release;
		};
		575E42D327049B4B00399BC7 /* Build configuration list for PBXNativeTarget "FlagStack" */ = {
			isa = XCConfigurationList;
			buildConfigurations = (
				575E42D427049B4B00399BC7 /* Debug */,
				575E42D527049B4B00399BC7 /* Release */,
			);
			defaultConfigurationIsVisible = 0;
			defaultConfigurationName = Release;
		};
/* End XCConfigurationList section */
	};
	rootObject = 575E42BD27049B4700399BC7 /* Project object */;
}
